NeoBundleLock auto-pairs 73908591025b7064ddd9336da6d84841e6dfd148
NeoBundleLock ctrlp.vim ed172326a4a10c4dc6e5a6c6c990f1fe64452d81
NeoBundleLock neobundle.vim 0c31437b58831efa20a9623e78be25a90df8c8c8
NeoBundleLock neocomplete.vim 1370262189a4a70a91b09a528df9b734135cd7e6
NeoBundleLock neosnippet-snippets f445b4026d5056ef97ca7e5e81a82880108485e9
NeoBundleLock neosnippet.vim 044c9cb8ca46a5e27eec37198990c26fe707b02a
NeoBundleLock nerdtree 3b98a7fcae8f9fff356907171f0406ff8cd28921
NeoBundleLock vdebug 13640276b95125f84f3f1518f07afb3c2542ac35
NeoBundleLock vim-airline b08784907ab00cea31f9b89a316f32a8be22c94f
NeoBundleLock vim-blade 8fc9503941429ff773cbdef6d590c8a485e9a498
NeoBundleLock vim-colorschemes 81c6dd7ce3169e5ad9ba92422ba6e1ce5b074e36
NeoBundleLock vim-fugitive 0095769029709b531d2505ee6ad9907dd9bd72a0
NeoBundleLock vimshell 3787e52766812d8b99a93ccdda57517bc2a0bab6
